PODS:
  - LGCommon (0.1.0)
  - Nimble (3.0.0)
  - Quick (0.8.0)

DEPENDENCIES:
  - LGCommon (from `../`)
  - Nimble (= 3.0.0)
  - Quick (~> 0.8.0)

EXTERNAL SOURCES:
  LGCommon:
    :path: ../

SPEC CHECKSUMS:
  LGCommon: 8fdd05e4bea87e1c52c152cf1d32140cd1b68622
  Nimble: 4c353d43735b38b545cbb4cb91504588eb5de926
  Quick: 563d0f6ec5f72e394645adb377708639b7dd38ab

COCOAPODS: 0.39.0
